
Microsoft Visual Studio Solution File, Format Version 12.00
# Visual Studio 2013
VisualStudioVersion = 12.0.30501.0
MinimumVisualStudioVersion = 10.0.40219.1
Project("{8BC9CEB8-8B4A-11D0-8D11-00A0C91BC942}") = "面试题6", "面试题6\面试题6.vcxproj", "{6DA2099A-5099-45D5-B02E-9B6D399FD144}"
EndProject
Global
	GlobalSection(SolutionConfigurationPlatforms) = preSolution
		Debug|Win32 = Debug|Win32
		Release|Win32 = Release|Win32
	EndGlobalSection
	GlobalSection(ProjectConfigurationPlatforms) = postSolution
		{6DA2099A-5099-45D5-B02E-9B6D399FD144}.Debug|Win32.ActiveCfg = Debug|Win32
		{6DA2099A-5099-45D5-B02E-9B6D399FD144}.Debug|Win32.Build.0 = Debug|Win32
		{6DA2099A-5099-45D5-B02E-9B6D399FD144}.Release|Win32.ActiveCfg = Release|Win32
		{6DA2099A-5099-45D5-B02E-9B6D399FD144}.Release|Win32.Build.0 = Release|Win32
	EndGlobalSection
	GlobalSection(SolutionProperties) = preSolution
		HideSolutionNode = FALSE
	EndGlobalSection
EndGlobal
