
Microsoft Visual Studio Solution File, Format Version 12.00
# Visual Studio 2013
VisualStudioVersion = 12.0.30501.0
MinimumVisualStudioVersion = 10.0.40219.1
Project("{8BC9CEB8-8B4A-11D0-8D11-00A0C91BC942}") = "STL源码练习", "STL源码练习\STL源码练习.vcxproj", "{0CD95845-9F45-4CC6-80C8-C20EBF6632A7}"
	ProjectSection(ProjectDependencies) = postProject
		{1C2E29B0-6917-4836-8D56-BABEF9062694} = {1C2E29B0-6917-4836-8D56-BABEF9062694}
	EndProjectSection
EndProject
Project("{8BC9CEB8-8B4A-11D0-8D11-00A0C91BC942}") = "第一章", "第一章\第一章.vcxproj", "{1C2E29B0-6917-4836-8D56-BABEF9062694}"
EndProject
Global
	GlobalSection(SolutionConfigurationPlatforms) = preSolution
		Debug|Win32 = Debug|Win32
		Release|Win32 = Release|Win32
	EndGlobalSection
	GlobalSection(ProjectConfigurationPlatforms) = postSolution
		{0CD95845-9F45-4CC6-80C8-C20EBF6632A7}.Debug|Win32.ActiveCfg = Debug|Win32
		{0CD95845-9F45-4CC6-80C8-C20EBF6632A7}.Debug|Win32.Build.0 = Debug|Win32
		{0CD95845-9F45-4CC6-80C8-C20EBF6632A7}.Release|Win32.ActiveCfg = Release|Win32
		{0CD95845-9F45-4CC6-80C8-C20EBF6632A7}.Release|Win32.Build.0 = Release|Win32
		{1C2E29B0-6917-4836-8D56-BABEF9062694}.Debug|Win32.ActiveCfg = Debug|Win32
		{1C2E29B0-6917-4836-8D56-BABEF9062694}.Debug|Win32.Build.0 = Debug|Win32
		{1C2E29B0-6917-4836-8D56-BABEF9062694}.Release|Win32.ActiveCfg = Release|Win32
		{1C2E29B0-6917-4836-8D56-BABEF9062694}.Release|Win32.Build.0 = Release|Win32
	EndGlobalSection
	GlobalSection(SolutionProperties) = preSolution
		HideSolutionNode = FALSE
	EndGlobalSection
EndGlobal
